
Microsoft Visual Studio Solution File, Format Version 12.00
# Visual Studio 15
VisualStudioVersion = 15.0.28307.1022
MinimumVisualStudioVersion = 10.0.40219.1
Project("{FAE04EC0-301F-11D3-BF4B-00C04F79EFBC}") = "Randomiser.Android", "Randomiser\Randomiser.Android\Randomiser.Android.csproj", "{498983C0-10D3-461E-B726-FC1D6E0636D5}"
EndProject
Project("{FAE04EC0-301F-11D3-BF4B-00C04F79EFBC}") = "Randomiser", "Randomiser\Randomiser\Randomiser.csproj", "{CC6EF2CA-6864-438E-BAF0-7AF7B33609B8}"
EndProject
Global
	GlobalSection(SolutionConfigurationPlatforms) = preSolution
		Debug|Any CPU = Debug|Any CPU
		Release|Any CPU = Release|Any CPU
	EndGlobalSection
	GlobalSection(ProjectConfigurationPlatforms) = postSolution
		{498983C0-10D3-461E-B726-FC1D6E0636D5}.Debug|Any CPU.ActiveCfg = Debug|Any CPU
		{498983C0-10D3-461E-B726-FC1D6E0636D5}.Debug|Any CPU.Build.0 = Debug|Any CPU
		{498983C0-10D3-461E-B726-FC1D6E0636D5}.Debug|Any CPU.Deploy.0 = Debug|Any CPU
		{498983C0-10D3-461E-B726-FC1D6E0636D5}.Release|Any CPU.ActiveCfg = Release|Any CPU
		{498983C0-10D3-461E-B726-FC1D6E0636D5}.Release|Any CPU.Build.0 = Release|Any CPU
		{498983C0-10D3-461E-B726-FC1D6E0636D5}.Release|Any CPU.Deploy.0 = Release|Any CPU
		{CC6EF2CA-6864-438E-BAF0-7AF7B33609B8}.Debug|Any CPU.ActiveCfg = Debug|Any CPU
		{CC6EF2CA-6864-438E-BAF0-7AF7B33609B8}.Debug|Any CPU.Build.0 = Debug|Any CPU
		{CC6EF2CA-6864-438E-BAF0-7AF7B33609B8}.Debug|Any CPU.Deploy.0 = Debug|Any CPU
		{CC6EF2CA-6864-438E-BAF0-7AF7B33609B8}.Release|Any CPU.ActiveCfg = Release|Any CPU
		{CC6EF2CA-6864-438E-BAF0-7AF7B33609B8}.Release|Any CPU.Build.0 = Release|Any CPU
		{CC6EF2CA-6864-438E-BAF0-7AF7B33609B8}.Release|Any CPU.Deploy.0 = Release|Any CPU
	EndGlobalSection
	GlobalSection(SolutionProperties) = preSolution
		HideSolutionNode = FALSE
	EndGlobalSection
	GlobalSection(ExtensibilityGlobals) = postSolution
		SolutionGuid = {07672BF0-081D-4B9F-8AD9-04E023317D51}
	EndGlobalSection
EndGlobal
